
Microsoft Visual Studio Solution File, Format Version 12.00
# Visual Studio Version 16
VisualStudioVersion = 16.0.29905.134
MinimumVisualStudioVersion = 10.0.40219.1
Project("{9A19103F-16F7-4668-BE54-9A1E7A4F7556}") = "Scrambler.Core", "ApplicationCore\Scrambler.Core.csproj", "{90EE6926-06EF-4BCD-99E9-BD32986FB01A}"
EndProject
Project("{9A19103F-16F7-4668-BE54-9A1E7A4F7556}") = "Scrambler.SqlServer", "Scrambler.SqlServer\Scrambler.SqlServer.csproj", "{E2471231-0144-45FA-B9D4-5082CEE74C60}"
EndProject
Project("{9A19103F-16F7-4668-BE54-9A1E7A4F7556}") = "Test", "Test\Test.csproj", "{E53DB5F4-5674-42A0-9210-181377CAA997}"
EndProject
Project("{9A19103F-16F7-4668-BE54-9A1E7A4F7556}") = "Scrambler.Quartz", "Scrambler.Quartz\Scrambler.Quartz.csproj", "{1CEF5583-B223-4721-9582-66F0EC31BC60}"
EndProject
Project("{9A19103F-16F7-4668-BE54-9A1E7A4F7556}") = "Scrambler.Api", "Scrambler.Api\Scrambler.Api.csproj", "{59B5D6EE-BECB-4DB0-9F47-E160F79D5871}"
EndProject
Project("{9A19103F-16F7-4668-BE54-9A1E7A4F7556}") = "Scrambler.MySql", "Scrambler.MySql\Scrambler.MySql.csproj", "{FE0E811C-86DB-4209-BBA5-20C7DEF7CAEE}"
EndProject
Project("{9A19103F-16F7-4668-BE54-9A1E7A4F7556}") = "LoggingDal", "LoggingDal\LoggingDal.csproj", "{36518F9A-E35B-44B7-AD3E-9DD66229AAE0}"
EndProject
Project("{FAE04EC0-301F-11D3-BF4B-00C04F79EFBC}") = "TestDataGenerator", "TestDataGenerator\TestDataGenerator.csproj", "{811963CC-9834-4FF8-BEDA-F97F8FB6F54A}"
EndProject
Global
	GlobalSection(SolutionConfigurationPlatforms) = preSolution
		Debug|Any CPU = Debug|Any CPU
		Release|Any CPU = Release|Any CPU
	EndGlobalSection
	GlobalSection(ProjectConfigurationPlatforms) = postSolution
		{90EE6926-06EF-4BCD-99E9-BD32986FB01A}.Debug|Any CPU.ActiveCfg = Debug|Any CPU
		{90EE6926-06EF-4BCD-99E9-BD32986FB01A}.Debug|Any CPU.Build.0 = Debug|Any CPU
		{90EE6926-06EF-4BCD-99E9-BD32986FB01A}.Release|Any CPU.ActiveCfg = Release|Any CPU
		{90EE6926-06EF-4BCD-99E9-BD32986FB01A}.Release|Any CPU.Build.0 = Release|Any CPU
		{E2471231-0144-45FA-B9D4-5082CEE74C60}.Debug|Any CPU.ActiveCfg = Debug|Any CPU
		{E2471231-0144-45FA-B9D4-5082CEE74C60}.Debug|Any CPU.Build.0 = Debug|Any CPU
		{E2471231-0144-45FA-B9D4-5082CEE74C60}.Release|Any CPU.ActiveCfg = Release|Any CPU
		{E2471231-0144-45FA-B9D4-5082CEE74C60}.Release|Any CPU.Build.0 = Release|Any CPU
		{E53DB5F4-5674-42A0-9210-181377CAA997}.Debug|Any CPU.ActiveCfg = Debug|Any CPU
		{E53DB5F4-5674-42A0-9210-181377CAA997}.Debug|Any CPU.Build.0 = Debug|Any CPU
		{E53DB5F4-5674-42A0-9210-181377CAA997}.Release|Any CPU.ActiveCfg = Release|Any CPU
		{E53DB5F4-5674-42A0-9210-181377CAA997}.Release|Any CPU.Build.0 = Release|Any CPU
		{1CEF5583-B223-4721-9582-66F0EC31BC60}.Debug|Any CPU.ActiveCfg = Debug|Any CPU
		{1CEF5583-B223-4721-9582-66F0EC31BC60}.Debug|Any CPU.Build.0 = Debug|Any CPU
		{1CEF5583-B223-4721-9582-66F0EC31BC60}.Release|Any CPU.ActiveCfg = Release|Any CPU
		{1CEF5583-B223-4721-9582-66F0EC31BC60}.Release|Any CPU.Build.0 = Release|Any CPU
		{59B5D6EE-BECB-4DB0-9F47-E160F79D5871}.Debug|Any CPU.ActiveCfg = Debug|Any CPU
		{59B5D6EE-BECB-4DB0-9F47-E160F79D5871}.Debug|Any CPU.Build.0 = Debug|Any CPU
		{59B5D6EE-BECB-4DB0-9F47-E160F79D5871}.Release|Any CPU.ActiveCfg = Release|Any CPU
		{59B5D6EE-BECB-4DB0-9F47-E160F79D5871}.Release|Any CPU.Build.0 = Release|Any CPU
		{FE0E811C-86DB-4209-BBA5-20C7DEF7CAEE}.Debug|Any CPU.ActiveCfg = Debug|Any CPU
		{FE0E811C-86DB-4209-BBA5-20C7DEF7CAEE}.Debug|Any CPU.Build.0 = Debug|Any CPU
		{FE0E811C-86DB-4209-BBA5-20C7DEF7CAEE}.Release|Any CPU.ActiveCfg = Release|Any CPU
		{FE0E811C-86DB-4209-BBA5-20C7DEF7CAEE}.Release|Any CPU.Build.0 = Release|Any CPU
		{36518F9A-E35B-44B7-AD3E-9DD66229AAE0}.Debug|Any CPU.ActiveCfg = Debug|Any CPU
		{36518F9A-E35B-44B7-AD3E-9DD66229AAE0}.Debug|Any CPU.Build.0 = Debug|Any CPU
		{36518F9A-E35B-44B7-AD3E-9DD66229AAE0}.Release|Any CPU.ActiveCfg = Release|Any CPU
		{36518F9A-E35B-44B7-AD3E-9DD66229AAE0}.Release|Any CPU.Build.0 = Release|Any CPU
		{811963CC-9834-4FF8-BEDA-F97F8FB6F54A}.Debug|Any CPU.ActiveCfg = Debug|Any CPU
		{811963CC-9834-4FF8-BEDA-F97F8FB6F54A}.Debug|Any CPU.Build.0 = Debug|Any CPU
		{811963CC-9834-4FF8-BEDA-F97F8FB6F54A}.Release|Any CPU.ActiveCfg = Release|Any CPU
		{811963CC-9834-4FF8-BEDA-F97F8FB6F54A}.Release|Any CPU.Build.0 = Release|Any CPU
	EndGlobalSection
	GlobalSection(SolutionProperties) = preSolution
		HideSolutionNode = FALSE
	EndGlobalSection
	GlobalSection(ExtensibilityGlobals) = postSolution
		SolutionGuid = {6D8F63A9-8524-4055-9924-A67A6CB54121}
	EndGlobalSection
EndGlobal
